// !$*UTF8*$!
{
	archiveVersion = 1;
	classes = {
	};
	objectVersion = 77;
	objects = {

/* Begin PBXBuildFile section */
		8A68FFAF2F373673003BDAF1 /* SwiftDown in Frameworks */ = {isa = PBXBuildFile; productRef = 8A68FFAE2F373673003BDAF1 /* SwiftDown */; };
/* End PBXBuildFile section */

/* Begin PBXContainerItemProxy section */
		B2B712782F36410700183A96 /* PBXContainerItemProxy */ = {
			isa = PBXContainerItemProxy;
			containerPortal = B2B712622F36410500183A96 /* Project object */;
			proxyType = 1;
			remoteGlobalIDString = B2B712692F36410500183A96;
			remoteInfo = VSNotes;
		};
		B2B712822F36410700183A96 /* PBXContainerItemProxy */ = {
			isa = PBXContainerItemProxy;
			containerPortal = B2B712622F36410500183A96 /* Project object */;
			proxyType = 1;
			remoteGlobalIDString = B2B712692F36410500183A96;
			remoteInfo = VSNotes;
		};
/* End PBXContainerItemProxy section */

/* Begin PBXFileReference section */
		B2B7126A2F36410500183A96 /* VSNotes.app */ = {isa = PBXFileReference; explicitFileType = wrapper.application; includeInIndex = 0; path = VSNotes.app; sourceTree = BUILT_PRODUCTS_DIR; };
		B2B712772F36410700183A96 /* VSNotesTests.xctest */ = {isa = PBXFileReference; explicitFileType = wrapper.cfbundle; includeInIndex = 0; path = VSNotesTests.xctest; sourceTree = BUILT_PRODUCTS_DIR; };
		B2B712812F36410700183A96 /* VSNotesUITests.xctest */ = {isa = PBXFileReference; explicitFileType = wrapper.cfbundle; includeInIndex = 0; path = VSNotesUITests.xctest; sourceTree = BUILT_PRODUCTS_DIR; };
/* End PBXFileReference section */

/* Begin PBXFileSystemSynchronizedRootGroup section */
		B2B7126C2F36410500183A96 /* VSNotes */ = {
			isa = PBXFileSystemSynchronizedRootGroup;
			path = VSNotes;
			sourceTree = "<group>";
		};
		B2B7127A2F36410700183A96 /* VSNotesTests */ = {
			isa = PBXFileSystemSynchronizedRootGroup;
			path = VSNotesTests;
			sourceTree = "<group>";
		};
		B2B712842F36410700183A96 /* VSNotesUITests */ = {
			isa = PBXFileSystemSynchronizedRootGroup;
			path = VSNotesUITests;
			sourceTree = "<group>";
		};
/* End PBXFileSystemSynchronizedRootGroup section */

/* Begin PBXFrameworksBuildPhase section */
		B2B712672F36410500183A96 /* Frameworks */ = {
			isa = PBXFrameworksBuildPhase;
			buildActionMask = 2147483647;
			files = (
				8A68FFAF2F373673003BDAF1 /* SwiftDown in Frameworks */,
			);
			runOnlyForDeploymentPostprocessing = 0;
		};
		B2B712742F36410700183A96 /* Frameworks */ = {
			isa = PBXFrameworksBuildPhase;
			buildActionMask = 2147483647;
			files = (
			);
			runOnlyForDeploymentPostprocessing = 0;
		};
		B2B7127E2F36410700183A96 /* Frameworks */ = {
			isa = PBXFrameworksBuildPhase;
			buildActionMask = 2147483647;
			files = (
			);
			runOnlyForDeploymentPostprocessing = 0;
		};
/* End PBXFrameworksBuildPhase section */

/* Begin PBXGroup section */
		B2B712612F36410500183A96 = {
			isa = PBXGroup;
			children = (
				B2B7126C2F36410500183A96 /* VSNotes */,
				B2B7127A2F36410700183A96 /* VSNotesTests */,
				B2B712842F36410700183A96 /* VSNotesUITests */,
				B2B7126B2F36410500183A96 /* Products */,
			);
			sourceTree = "<group>";
		};
		B2B7126B2F36410500183A96 /* Products */ = {
			isa = PBXGroup;
			children = (
				B2B7126A2F36410500183A96 /* VSNotes.app */,
				B2B712772F36410700183A96 /* VSNotesTests.xctest */,
				B2B712812F36410700183A96 /* VSNotesUITests.xctest */,
			);
			name = Products;
			sourceTree = "<group>";
		};
/* End PBXGroup section */

/* Begin PBXNativeTarget section */
		B2B712692F36410500183A96 /* VSNotes */ = {
			isa = PBXNativeTarget;
			buildConfigurationList = B2B7128B2F36410700183A96 /* Build configuration list for PBXNativeTarget "VSNotes" */;
			buildPhases = (
				B2B712662F36410500183A96 /* Sources */,
				B2B712672F36410500183A96 /* Frameworks */,
				B2B712682F36410500183A96 /* Resources */,
			);
			buildRules = (
			);
			dependencies = (
			);
			fileSystemSynchronizedGroups = (
				B2B7126C2F36410500183A96 /* VSNotes */,
			);
			name = VSNotes;
			packageProductDependencies = (
				8A68FFAE2F373673003BDAF1 /* SwiftDown */,
			);
			productName = VSNotes;
			productReference = B2B7126A2F36410500183A96 /* VSNotes.app */;
			productType = "com.apple.product-type.application";
		};
		B2B712762F36410700183A96 /* VSNotesTests */ = {
			isa = PBXNativeTarget;
			buildConfigurationList = B2B7128E2F36410700183A96 /* Build configuration list for PBXNativeTarget "VSNotesTests" */;
			buildPhases = (
				B2B712732F36410700183A96 /* Sources */,
				B2B712742F36410700183A96 /* Frameworks */,
				B2B712752F36410700183A96 /* Resources */,
			);
			buildRules = (
			);
			dependencies = (
				B2B712792F36410700183A96 /* PBXTargetDependency */,
			);
			fileSystemSynchronizedGroups = (
				B2B7127A2F36410700183A96 /* VSNotesTests */,
			);
			name = VSNotesTests;
			packageProductDependencies = (
			);
			productName = VSNotesTests;
			productReference = B2B712772F36410700183A96 /* VSNotesTests.xctest */;
			productType = "com.apple.product-type.bundle.unit-test";
		};
		B2B712802F36410700183A96 /* VSNotesUITests */ = {
			isa = PBXNativeTarget;
			buildConfigurationList = B2B712912F36410700183A96 /* Build configuration list for PBXNativeTarget "VSNotesUITests" */;
			buildPhases = (
				B2B7127D2F36410700183A96 /* Sources */,
				B2B7127E2F36410700183A96 /* Frameworks */,
				B2B7127F2F36410700183A96 /* Resources */,
			);
			buildRules = (
			);
			dependencies = (
				B2B712832F36410700183A96 /* PBXTargetDependency */,
			);
			fileSystemSynchronizedGroups = (
				B2B712842F36410700183A96 /* VSNotesUITests */,
			);
			name = VSNotesUITests;
			packageProductDependencies = (
			);
			productName = VSNotesUITests;
			productReference = B2B712812F36410700183A96 /* VSNotesUITests.xctest */;
			productType = "com.apple.product-type.bundle.ui-testing";
		};
/* End PBXNativeTarget section */

/* Begin PBXProject section */
		B2B712622F36410500183A96 /* Project object */ = {
			isa = PBXProject;
			attributes = {
				BuildIndependentTargetsInParallel = 1;
				LastSwiftUpdateCheck = 1630;
				LastUpgradeCheck = 1630;
				TargetAttributes = {
					B2B712692F36410500183A96 = {
						CreatedOnToolsVersion = 16.3;
					};
					B2B712762F36410700183A96 = {
						CreatedOnToolsVersion = 16.3;
						TestTargetID = B2B712692F36410500183A96;
					};
					B2B712802F36410700183A96 = {
						CreatedOnToolsVersion = 16.3;
						TestTargetID = B2B712692F36410500183A96;
					};
				};
			};
			buildConfigurationList = B2B712652F36410500183A96 /* Build configuration list for PBXProject "VSNotes" */;
			developmentRegion = en;
			hasScannedForEncodings = 0;
			knownRegions = (
				en,
				Base,
			);
			mainGroup = B2B712612F36410500183A96;
			minimizedProjectReferenceProxies = 1;
			packageReferences = (
				8A68FFAD2F373673003BDAF1 /* XCRemoteSwiftPackageReference "SwiftDown" */,
			);
			preferredProjectObjectVersion = 77;
			productRefGroup = B2B7126B2F36410500183A96 /* Products */;
			projectDirPath = "";
			projectRoot = "";
			targets = (
				B2B712692F36410500183A96 /* VSNotes */,
				B2B712762F36410700183A96 /* VSNotesTests */,
				B2B712802F36410700183A96 /* VSNotesUITests */,
			);
		};
/* End PBXProject section */

/* Begin PBXResourcesBuildPhase section */
		B2B712682F36410500183A96 /* Resources */ = {
			isa = PBXResourcesBuildPhase;
			buildActionMask = 2147483647;
			files = (
			);
			runOnlyForDeploymentPostprocessing = 0;
		};
		B2B712752F36410700183A96 /* Resources */ = {
			isa = PBXResourcesBuildPhase;
			buildActionMask = 2147483647;
			files = (
			);
			runOnlyForDeploymentPostprocessing = 0;
		};
		B2B7127F2F36410700183A96 /* Resources */ = {
			isa = PBXResourcesBuildPhase;
			buildActionMask = 2147483647;
			files = (
			);
			runOnlyForDeploymentPostprocessing = 0;
		};
/* End PBXResourcesBuildPhase section */

/* Begin PBXSourcesBuildPhase section */
		B2B712662F36410500183A96 /* Sources */ = {
			isa = PBXSourcesBuildPhase;
			buildActionMask = 2147483647;
			files = (
			);
			runOnlyForDeploymentPostprocessing = 0;
		};
		B2B712732F36410700183A96 /* Sources */ = {
			isa = PBXSourcesBuildPhase;
			buildActionMask = 2147483647;
			files = (
			);
			runOnlyForDeploymentPostprocessing = 0;
		};
		B2B7127D2F36410700183A96 /* Sources */ = {
			isa = PBXSourcesBuildPhase;
			buildActionMask = 2147483647;
			files = (
			);
			runOnlyForDeploymentPostprocessing = 0;
		};
/* End PBXSourcesBuildPhase section */

/* Begin PBXTargetDependency section */
		B2B712792F36410700183A96 /* PBXTargetDependency */ = {
			isa = PBXTargetDependency;
			target = B2B712692F36410500183A96 /* VSNotes */;
			targetProxy = B2B712782F36410700183A96 /* PBXContainerItemProxy */;
		};
		B2B712832F36410700183A96 /* PBXTargetDependency */ = {
			isa = PBXTargetDependency;
			target = B2B712692F36410500183A96 /* VSNotes */;
			targetProxy = B2B712822F36410700183A96 /* PBXContainerItemProxy */;
		};
/* End PBXTargetDependency section */

/* Begin XCBuildConfiguration section */
		B2B712892F36410700183A96 /* Debug */ = {
			isa = XCBuildConfiguration;
			buildSettings = {
				ALWAYS_SEARCH_USER_PATHS = NO;
				ASSETCATALOG_COMPILER_GENERATE_SWIFT_ASSET_SYMBOL_EXTENSIONS = YES;
				CLANG_ANALYZER_NONNULL = YES;
				CLANG_ANALYZER_NUMBER_OBJECT_CONVERSION = YES_AGGRESSIVE;
				CLANG_CXX_LANGUAGE_STANDARD = "gnu++20";
				CLANG_ENABLE_MODULES = YES;
				CLANG_ENABLE_OBJC_ARC = YES;
				CLANG_ENABLE_OBJC_WEAK = YES;
				CLANG_WARN_BLOCK_CAPTURE_AUTORELEASING = YES;
				CLANG_WARN_BOOL_CONVERSION = YES;
				CLANG_WARN_COMMA = YES;
				CLANG_WARN_CONSTANT_CONVERSION = YES;
				CLANG_WARN_DEPRECATED_OBJC_IMPLEMENTATIONS = YES;
				CLANG_WARN_DIRECT_OBJC_ISA_USAGE = YES_ERROR;
				CLANG_WARN_DOCUMENTATION_COMMENTS = YES;
				CLANG_WARN_EMPTY_BODY = YES;
				CLANG_WARN_ENUM_CONVERSION = YES;
				CLANG_WARN_INFINITE_RECURSION = YES;
				CLANG_WARN_INT_CONVERSION = YES;
				CLANG_WARN_NON_LITERAL_NULL_CONVERSION = YES;
				CLANG_WARN_OBJC_IMPLICIT_RETAIN_SELF = YES;
				CLANG_WARN_OBJC_LITERAL_CONVERSION = YES;
				CLANG_WARN_OBJC_ROOT_CLASS = YES_ERROR;
				CLANG_WARN_QUOTED_INCLUDE_IN_FRAMEWORK_HEADER = YES;
				CLANG_WARN_RANGE_LOOP_ANALYSIS = YES;
				CLANG_WARN_STRICT_PROTOTYPES = YES;
				CLANG_WARN_SUSPICIOUS_MOVE = YES;
				CLANG_WARN_UNGUARDED_AVAILABILITY = YES_AGGRESSIVE;
				CLANG_WARN_UNREACHABLE_CODE = YES;
				CLANG_WARN__DUPLICATE_METHOD_MATCH = YES;
				COPY_PHASE_STRIP = NO;
				DEBUG_INFORMATION_FORMAT = dwarf;
				DEVELOPMENT_TEAM = TMSF78G77D;
				ENABLE_STRICT_OBJC_MSGSEND = YES;
				ENABLE_TESTABILITY = YES;
				ENABLE_USER_SCRIPT_SANDBOXING = YES;
				GCC_C_LANGUAGE_STANDARD = gnu17;
				GCC_DYNAMIC_NO_PIC = NO;
				GCC_NO_COMMON_BLOCKS = YES;
				GCC_OPTIMIZATION_LEVEL = 0;
				GCC_PREPROCESSOR_DEFINITIONS = (
					"DEBUG=1",
					"$(inherited)",
				);
				GCC_WARN_64_TO_32_BIT_CONVERSION = YES;
				GCC_WARN_ABOUT_RETURN_TYPE = YES_ERROR;
				GCC_WARN_UNDECLARED_SELECTOR = YES;
				GCC_WARN_UNINITIALIZED_AUTOS = YES_AGGRESSIVE;
				GCC_WARN_UNUSED_FUNCTION = YES;
				GCC_WARN_UNUSED_VARIABLE = YES;
				IPHONEOS_DEPLOYMENT_TARGET = 18.4;
				LOCALIZATION_PREFERS_STRING_CATALOGS = YES;
				MTL_ENABLE_DEBUG_INFO = INCLUDE_SOURCE;
				MTL_FAST_MATH = YES;
				ONLY_ACTIVE_ARCH = YES;
				SDKROOT = iphoneos;
				SWIFT_ACTIVE_COMPILATION_CONDITIONS = "DEBUG $(inherited)";
				SWIFT_OPTIMIZATION_LEVEL = "-Onone";
			};
			name = Debug;
		};
		B2B7128A2F36410700183A96 /* Release */ = {
			isa = XCBuildConfiguration;
			buildSettings = {
				ALWAYS_SEARCH_USER_PATHS = NO;
				ASSETCATALOG_COMPILER_GENERATE_SWIFT_ASSET_SYMBOL_EXTENSIONS = YES;
				CLANG_ANALYZER_NONNULL = YES;
				CLANG_ANALYZER_NUMBER_OBJECT_CONVERSION = YES_AGGRESSIVE;
				CLANG_CXX_LANGUAGE_STANDARD = "gnu++20";
				CLANG_ENABLE_MODULES = YES;
				CLANG_ENABLE_OBJC_ARC = YES;
				CLANG_ENABLE_OBJC_WEAK = YES;
				CLANG_WARN_BLOCK_CAPTURE_AUTORELEASING = YES;
				CLANG_WARN_BOOL_CONVERSION = YES;
				CLANG_WARN_COMMA = YES;
				CLANG_WARN_CONSTANT_CONVERSION = YES;
				CLANG_WARN_DEPRECATED_OBJC_IMPLEMENTATIONS = YES;
				CLANG_WARN_DIRECT_OBJC_ISA_USAGE = YES_ERROR;
				CLANG_WARN_DOCUMENTATION_COMMENTS = YES;
				CLANG_WARN_EMPTY_BODY = YES;
				CLANG_WARN_ENUM_CONVERSION = YES;
				CLANG_WARN_INFINITE_RECURSION = YES;
				CLANG_WARN_INT_CONVERSION = YES;
				CLANG_WARN_NON_LITERAL_NULL_CONVERSION = YES;
				CLANG_WARN_OBJC_IMPLICIT_RETAIN_SELF = YES;
				CLANG_WARN_OBJC_LITERAL_CONVERSION = YES;
				CLANG_WARN_OBJC_ROOT_CLASS = YES_ERROR;
				CLANG_WARN_QUOTED_INCLUDE_IN_FRAMEWORK_HEADER = YES;
				CLANG_WARN_RANGE_LOOP_ANALYSIS = YES;
				CLANG_WARN_STRICT_PROTOTYPES = YES;
				CLANG_WARN_SUSPICIOUS_MOVE = YES;
				CLANG_WARN_UNGUARDED_AVAILABILITY = YES_AGGRESSIVE;
				CLANG_WARN_UNREACHABLE_CODE = YES;
				CLANG_WARN__DUPLICATE_METHOD_MATCH = YES;
				COPY_PHASE_STRIP = NO;
				DEBUG_INFORMATION_FORMAT = "dwarf-with-dsym";
				DEVELOPMENT_TEAM = TMSF78G77D;
				ENABLE_NS_ASSERTIONS = NO;
				ENABLE_STRICT_OBJC_MSGSEND = YES;
				ENABLE_USER_SCRIPT_SANDBOXING = YES;
				GCC_C_LANGUAGE_STANDARD = gnu17;
				GCC_NO_COMMON_BLOCKS = YES;
				GCC_WARN_64_TO_32_BIT_CONVERSION = YES;
				GCC_WARN_ABOUT_RETURN_TYPE = YES_ERROR;
				GCC_WARN_UNDECLARED_SELECTOR = YES;
				GCC_WARN_UNINITIALIZED_AUTOS = YES_AGGRESSIVE;
				GCC_WARN_UNUSED_FUNCTION = YES;
				GCC_WARN_UNUSED_VARIABLE = YES;
				IPHONEOS_DEPLOYMENT_TARGET = 18.4;
				LOCALIZATION_PREFERS_STRING_CATALOGS = YES;
				MTL_ENABLE_DEBUG_INFO = NO;
				MTL_FAST_MATH = YES;
				SDKROOT = iphoneos;
				SWIFT_COMPILATION_MODE = wholemodule;
				VALIDATE_PRODUCT = YES;
			};
			name = Release;
		};
		B2B7128C2F36410700183A96 /* Debug */ = {
			isa = XCBuildConfiguration;
			buildSettings = {
				ASSETCATALOG_COMPILER_APPICON_NAME = AppIcon;
				ASSETCATALOG_COMPILER_GLOBAL_ACCENT_COLOR_NAME = AccentColor;
				CODE_SIGN_STYLE = Automatic;
				CURRENT_PROJECT_VERSION = 1;
				DEVELOPMENT_TEAM = TMSF78G77D;
				ENABLE_PREVIEWS = YES;
				GENERATE_INFOPLIST_FILE = YES;
				INFOPLIST_KEY_UIApplicationSceneManifest_Generation = YES;
				INFOPLIST_KEY_UIApplicationSupportsIndirectInputEvents = YES;
				INFOPLIST_KEY_UILaunchScreen_Generation = YES;
				INFOPLIST_KEY_UISupportedInterfaceOrientations_iPad = "UIInterfaceOrientationPortrait UIInterfaceOrientationPortraitUpsideDown UIInterfaceOrientationLandscapeLeft UIInterfaceOrientationLandscapeRight";
				INFOPLIST_KEY_UISupportedInterfaceOrientations_iPhone = "UIInterfaceOrientationPortrait UIInterfaceOrientationLandscapeLeft UIInterfaceOrientationLandscapeRight";
				IPHONEOS_DEPLOYMENT_TARGET = 17.6;
				LD_RUNPATH_SEARCH_PATHS = (
					"$(inherited)",
					"@executable_path/Frameworks",
				);
				MARKETING_VERSION = 1.0;
				PRODUCT_BUNDLE_IDENTIFIER = com.vuvuong.VSNotes;
				PRODUCT_NAME = "$(TARGET_NAME)";
				SUPPORTED_PLATFORMS = "iphoneos iphonesimulator";
				SUPPORTS_MACCATALYST = NO;
				SUPPORTS_MAC_DESIGNED_FOR_IPHONE_IPAD = NO;
				SUPPORTS_XR_DESIGNED_FOR_IPHONE_IPAD = NO;
				SWIFT_EMIT_LOC_STRINGS = YES;
				SWIFT_VERSION = 5.0;
				TARGETED_DEVICE_FAMILY = "1,2";
			};
			name = Debug;
		};
		B2B7128D2F36410700183A96 /* Release */ = {
			isa = XCBuildConfiguration;
			buildSettings = {
				ASSETCATALOG_COMPILER_APPICON_NAME = AppIcon;
				ASSETCATALOG_COMPILER_GLOBAL_ACCENT_COLOR_NAME = AccentColor;
				CODE_SIGN_STYLE = Automatic;
				CURRENT_PROJECT_VERSION = 1;
				DEVELOPMENT_TEAM = TMSF78G77D;
				ENABLE_PREVIEWS = YES;
				GENERATE_INFOPLIST_FILE = YES;
				INFOPLIST_KEY_UIApplicationSceneManifest_Generation = YES;
				INFOPLIST_KEY_UIApplicationSupportsIndirectInputEvents = YES;
				INFOPLIST_KEY_UILaunchScreen_Generation = YES;
				INFOPLIST_KEY_UISupportedInterfaceOrientations_iPad = "UIInterfaceOrientationPortrait UIInterfaceOrientationPortraitUpsideDown UIInterfaceOrientationLandscapeLeft UIInterfaceOrientationLandscapeRight";
				INFOPLIST_KEY_UISupportedInterfaceOrientations_iPhone = "UIInterfaceOrientationPortrait UIInterfaceOrientationLandscapeLeft UIInterfaceOrientationLandscapeRight";
				IPHONEOS_DEPLOYMENT_TARGET = 17.6;
				LD_RUNPATH_SEARCH_PATHS = (
					"$(inherited)",
					"@executable_path/Frameworks",
				);
				MARKETING_VERSION = 1.0;
				PRODUCT_BUNDLE_IDENTIFIER = com.vuvuong.VSNotes;
				PRODUCT_NAME = "$(TARGET_NAME)";
				SUPPORTED_PLATFORMS = "iphoneos iphonesimulator";
				SUPPORTS_MACCATALYST = NO;
				SUPPORTS_MAC_DESIGNED_FOR_IPHONE_IPAD = NO;
				SUPPORTS_XR_DESIGNED_FOR_IPHONE_IPAD = NO;
				SWIFT_EMIT_LOC_STRINGS = YES;
				SWIFT_VERSION = 5.0;
				TARGETED_DEVICE_FAMILY = "1,2";
			};
			name = Release;
		};
		B2B7128F2F36410700183A96 /* Debug */ = {
			isa = XCBuildConfiguration;
			buildSettings = {
				BUNDLE_LOADER = "$(TEST_HOST)";
				CODE_SIGN_STYLE = Automatic;
				CURRENT_PROJECT_VERSION = 1;
				DEVELOPMENT_TEAM = TMSF78G77D;
				GENERATE_INFOPLIST_FILE = YES;
				IPHONEOS_DEPLOYMENT_TARGET = 18.4;
				MARKETING_VERSION = 1.0;
				PRODUCT_BUNDLE_IDENTIFIER = com.vuvuong.VSNotesTests;
				PRODUCT_NAME = "$(TARGET_NAME)";
				SWIFT_EMIT_LOC_STRINGS = NO;
				SWIFT_VERSION = 5.0;
				TARGETED_DEVICE_FAMILY = "1,2";
				TEST_HOST = "$(BUILT_PRODUCTS_DIR)/VSNotes.app/$(BUNDLE_EXECUTABLE_FOLDER_PATH)/VSNotes";
			};
			name = Debug;
		};
		B2B712902F36410700183A96 /* Release */ = {
			isa = XCBuildConfiguration;
			buildSettings = {
				BUNDLE_LOADER = "$(TEST_HOST)";
				CODE_SIGN_STYLE = Automatic;
				CURRENT_PROJECT_VERSION = 1;
				DEVELOPMENT_TEAM = TMSF78G77D;
				GENERATE_INFOPLIST_FILE = YES;
				IPHONEOS_DEPLOYMENT_TARGET = 18.4;
				MARKETING_VERSION = 1.0;
				PRODUCT_BUNDLE_IDENTIFIER = com.vuvuong.VSNotesTests;
				PRODUCT_NAME = "$(TARGET_NAME)";
				SWIFT_EMIT_LOC_STRINGS = NO;
				SWIFT_VERSION = 5.0;
				TARGETED_DEVICE_FAMILY = "1,2";
				TEST_HOST = "$(BUILT_PRODUCTS_DIR)/VSNotes.app/$(BUNDLE_EXECUTABLE_FOLDER_PATH)/VSNotes";
			};
			name = Release;
		};
		B2B712922F36410700183A96 /* Debug */ = {
			isa = XCBuildConfiguration;
			buildSettings = {
				CODE_SIGN_STYLE = Automatic;
				CURRENT_PROJECT_VERSION = 1;
				DEVELOPMENT_TEAM = TMSF78G77D;
				GENERATE_INFOPLIST_FILE = YES;
				MARKETING_VERSION = 1.0;
				PRODUCT_BUNDLE_IDENTIFIER = com.vuvuong.VSNotesUITests;
				PRODUCT_NAME = "$(TARGET_NAME)";
				SWIFT_EMIT_LOC_STRINGS = NO;
				SWIFT_VERSION = 5.0;
				TARGETED_DEVICE_FAMILY = "1,2";
				TEST_TARGET_NAME = VSNotes;
			};
			name = Debug;
		};
		B2B712932F36410700183A96 /* Release */ = {
			isa = XCBuildConfiguration;
			buildSettings = {
				CODE_SIGN_STYLE = Automatic;
				CURRENT_PROJECT_VERSION = 1;
				DEVELOPMENT_TEAM = TMSF78G77D;
				GENERATE_INFOPLIST_FILE = YES;
				MARKETING_VERSION = 1.0;
				PRODUCT_BUNDLE_IDENTIFIER = com.vuvuong.VSNotesUITests;
				PRODUCT_NAME = "$(TARGET_NAME)";
				SWIFT_EMIT_LOC_STRINGS = NO;
				SWIFT_VERSION = 5.0;
				TARGETED_DEVICE_FAMILY = "1,2";
				TEST_TARGET_NAME = VSNotes;
			};
			name = Release;
		};
/* End XCBuildConfiguration section */

/* Begin XCConfigurationList section */
		B2B712652F36410500183A96 /* Build configuration list for PBXProject "VSNotes" */ = {
			isa = XCConfigurationList;
			buildConfigurations = (
				B2B712892F36410700183A96 /* Debug */,
				B2B7128A2F36410700183A96 /* Release */,
			);
			defaultConfigurationIsVisible = 0;
			defaultConfigurationName = Release;
		};
		B2B7128B2F36410700183A96 /* Build configuration list for PBXNativeTarget "VSNotes" */ = {
			isa = XCConfigurationList;
			buildConfigurations = (
				B2B7128C2F36410700183A96 /* Debug */,
				B2B7128D2F36410700183A96 /* Release */,
			);
			defaultConfigurationIsVisible = 0;
			defaultConfigurationName = Release;
		};
		B2B7128E2F36410700183A96 /* Build configuration list for PBXNativeTarget "VSNotesTests" */ = {
			isa = XCConfigurationList;
			buildConfigurations = (
				B2B7128F2F36410700183A96 /* Debug */,
				B2B712902F36410700183A96 /* Release */,
			);
			defaultConfigurationIsVisible = 0;
			defaultConfigurationName = Release;
		};
		B2B712912F36410700183A96 /* Build configuration list for PBXNativeTarget "VSNotesUITests" */ = {
			isa = XCConfigurationList;
			buildConfigurations = (
				B2B712922F36410700183A96 /* Debug */,
				B2B712932F36410700183A96 /* Release */,
			);
			defaultConfigurationIsVisible = 0;
			defaultConfigurationName = Release;
		};
/* End XCConfigurationList section */

/* Begin XCRemoteSwiftPackageReference section */
		8A68FFAD2F373673003BDAF1 /* XCRemoteSwiftPackageReference "SwiftDown" */ = {
			isa = XCRemoteSwiftPackageReference;
			repositoryURL = "https://github.com/qeude/SwiftDown.git";
			requirement = {
				kind = upToNextMajorVersion;
				minimumVersion = 0.4.1;
			};
		};
/* End XCRemoteSwiftPackageReference section */

/* Begin XCSwiftPackageProductDependency section */
		8A68FFAE2F373673003BDAF1 /* SwiftDown */ = {
			isa = XCSwiftPackageProductDependency;
			package = 8A68FFAD2F373673003BDAF1 /* XCRemoteSwiftPackageReference "SwiftDown" */;
			productName = SwiftDown;
		};
/* End XCSwiftPackageProductDependency section */
	};
	rootObject = B2B712622F36410500183A96 /* Project object */;
}
